
Microsoft Visual Studio Solution File, Format Version 12.00
# Visual Studio Version 17
VisualStudioVersion = 17.14.36301.6 d17.14
MinimumVisualStudioVersion = 10.0.40219.1
Project("{F14B399A-7131-4C87-9E4B-1186C45EF12D}") = "London Bike Journey Report Project", "London Bike Journey Report Project\London Bike Journey Report Project.rptproj", "{739551B3-CA48-7862-E5E7-3FB180FEB112}"
EndProject
Global
	GlobalSection(SolutionConfigurationPlatforms) = preSolution
		Debug|Default = Debug|Default
		DebugLocal|Default = DebugLocal|Default
		Release|Default = Release|Default
	EndGlobalSection
	GlobalSection(ProjectConfigurationPlatforms) = postSolution
		{739551B3-CA48-7862-E5E7-3FB180FEB112}.Debug|Default.ActiveCfg = Debug
		{739551B3-CA48-7862-E5E7-3FB180FEB112}.Debug|Default.Build.0 = Debug
		{739551B3-CA48-7862-E5E7-3FB180FEB112}.Debug|Default.Deploy.0 = Debug
		{739551B3-CA48-7862-E5E7-3FB180FEB112}.DebugLocal|Default.ActiveCfg = DebugLocal
		{739551B3-CA48-7862-E5E7-3FB180FEB112}.DebugLocal|Default.Build.0 = DebugLocal
		{739551B3-CA48-7862-E5E7-3FB180FEB112}.Release|Default.ActiveCfg = Release
		{739551B3-CA48-7862-E5E7-3FB180FEB112}.Release|Default.Build.0 = Release
		{739551B3-CA48-7862-E5E7-3FB180FEB112}.Release|Default.Deploy.0 = Release
	EndGlobalSection
	GlobalSection(SolutionProperties) = preSolution
		HideSolutionNode = FALSE
	EndGlobalSection
	GlobalSection(ExtensibilityGlobals) = postSolution
		SolutionGuid = {8B512299-2E55-4C0A-93ED-958B518AC099}
	EndGlobalSection
EndGlobal
